// !$*UTF8*$!
{
	archiveVersion = 1;
	classes = {
	};
	objectVersion = 50;
	objects = {

/* Begin PBXBuildFile section */
		AA243431397C9888DF1BF48A /* libPods-Genecards-Pro.a in Frameworks */ = {isa = PBXBuildFile; fileRef = D3CECAB7E18076E2A6AB207D /* libPods-Genecards-Pro.a */; };
		F331EA2F22AD4DB90033B0D2 /* AppDelegate.m in Sources */ = {isa = PBXBuildFile; fileRef = F331EA2E22AD4DB90033B0D2 /* AppDelegate.m */; };
		F331EA3222AD4DB90033B0D2 /* ViewController.m in Sources */ = {isa = PBXBuildFile; fileRef = F331EA3122AD4DB90033B0D2 /* ViewController.m */; };
		F331EA3522AD4DB90033B0D2 /* Main.storyboard in Resources */ = {isa = PBXBuildFile; fileRef = F331EA3322AD4DB90033B0D2 /* Main.storyboard */; };
		F331EA3822AD4DB90033B0D2 /* Genecards_Pro.xcdatamodeld in Sources */ = {isa = PBXBuildFile; fileRef = F331EA3622AD4DB90033B0D2 /* Genecards_Pro.xcdatamodeld */; };
		F331EA3A22AD4DBA0033B0D2 /* Assets.xcassets in Resources */ = {isa = PBXBuildFile; fileRef = F331EA3922AD4DBA0033B0D2 /* Assets.xcassets */; };
		F331EA3D22AD4DBA0033B0D2 /* LaunchScreen.storyboard in Resources */ = {isa = PBXBuildFile; fileRef = F331EA3B22AD4DBA0033B0D2 /* LaunchScreen.storyboard */; };
		F331EA4022AD4DBA0033B0D2 /* main.m in Sources */ = {isa = PBXBuildFile; fileRef = F331EA3F22AD4DBA0033B0D2 /* main.m */; };
		F331EA4A22AD4DBA0033B0D2 /* Genecards_ProTests.m in Sources */ = {isa = PBXBuildFile; fileRef = F331EA4922AD4DBA0033B0D2 /* Genecards_ProTests.m */; };
		F331EA5522AD4DBA0033B0D2 /* Genecards_ProUITests.m in Sources */ = {isa = PBXBuildFile; fileRef = F331EA5422AD4DBA0033B0D2 /* Genecards_ProUITests.m */; };
/* End PBXBuildFile section */

/* Begin PBXContainerItemProxy section */
		F331EA4622AD4DBA0033B0D2 /* PBXContainerItemProxy */ = {
			isa = PBXContainerItemProxy;
			containerPortal = F331EA2222AD4DB90033B0D2 /* Project object */;
			proxyType = 1;
			remoteGlobalIDString = F331EA2922AD4DB90033B0D2;
			remoteInfo = "Genecards-Pro";
		};
		F331EA5122AD4DBA0033B0D2 /* PBXContainerItemProxy */ = {
			isa = PBXContainerItemProxy;
			containerPortal = F331EA2222AD4DB90033B0D2 /* Project object */;
			proxyType = 1;
			remoteGlobalIDString = F331EA2922AD4DB90033B0D2;
			remoteInfo = "Genecards-Pro";
		};
/* End PBXContainerItemProxy section */

/* Begin PBXFileReference section */
		2461E325ACBFA6511146EC51 /* Pods-Genecards-Pro.debug.xcconfig */ = {isa = PBXFileReference; includeInIndex = 1; lastKnownFileType = text.xcconfig; name = "Pods-Genecards-Pro.debug.xcconfig"; path = "Pods/Target Support Files/Pods-Genecards-Pro/Pods-Genecards-Pro.debug.xcconfig"; sourceTree = "<group>"; };
		D12E10BC6C6CEFEB81B2DE79 /* Pods-Genecards-Pro.release.xcconfig */ = {isa = PBXFileReference; includeInIndex = 1; lastKnownFileType = text.xcconfig; name = "Pods-Genecards-Pro.release.xcconfig"; path = "Pods/Target Support Files/Pods-Genecards-Pro/Pods-Genecards-Pro.release.xcconfig"; sourceTree = "<group>"; };
		D3CECAB7E18076E2A6AB207D /* libPods-Genecards-Pro.a */ = {isa = PBXFileReference; explicitFileType = archive.ar; includeInIndex = 0; path = "libPods-Genecards-Pro.a"; sourceTree = BUILT_PRODUCTS_DIR; };
		F331EA2A22AD4DB90033B0D2 /* Genecards-Pro.app */ = {isa = PBXFileReference; explicitFileType = wrapper.application; includeInIndex = 0; path = "Genecards-Pro.app"; sourceTree = BUILT_PRODUCTS_DIR; };
		F331EA2D22AD4DB90033B0D2 /* AppDelegate.h */ = {isa = PBXFileReference; lastKnownFileType = sourcecode.c.h; path = AppDelegate.h; sourceTree = "<group>"; };
		F331EA2E22AD4DB90033B0D2 /* AppDelegate.m */ = {isa = PBXFileReference; lastKnownFileType = sourcecode.c.objc; path = AppDelegate.m; sourceTree = "<group>"; };
		F331EA3022AD4DB90033B0D2 /* ViewController.h */ = {isa = PBXFileReference; lastKnownFileType = sourcecode.c.h; path = ViewController.h; sourceTree = "<group>"; };
		F331EA3122AD4DB90033B0D2 /* ViewController.m */ = {isa = PBXFileReference; lastKnownFileType = sourcecode.c.objc; path = ViewController.m; sourceTree = "<group>"; };
		F331EA3422AD4DB90033B0D2 /* Base */ = {isa = PBXFileReference; lastKnownFileType = file.storyboard; name = Base; path = Base.lproj/Main.storyboard; sourceTree = "<group>"; };
		F331EA3722AD4DB90033B0D2 /* Genecards_Pro.xcdatamodel */ = {isa = PBXFileReference; lastKnownFileType = wrapper.xcdatamodel; path = Genecards_Pro.xcdatamodel; sourceTree = "<group>"; };
		F331EA3922AD4DBA0033B0D2 /* Assets.xcassets */ = {isa = PBXFileReference; lastKnownFileType = folder.assetcatalog; path = Assets.xcassets; sourceTree = "<group>"; };
		F331EA3C22AD4DBA0033B0D2 /* Base */ = {isa = PBXFileReference; lastKnownFileType = file.storyboard; name = Base; path = Base.lproj/LaunchScreen.storyboard; sourceTree = "<group>"; };
		F331EA3E22AD4DBA0033B0D2 /* Info.plist */ = {isa = PBXFileReference; lastKnownFileType = text.plist.xml; path = Info.plist; sourceTree = "<group>"; };
		F331EA3F22AD4DBA0033B0D2 /* main.m */ = {isa = PBXFileReference; lastKnownFileType = sourcecode.c.objc; path = main.m; sourceTree = "<group>"; };
		F331EA4522AD4DBA0033B0D2 /* Genecards-ProTests.xctest */ = {isa = PBXFileReference; explicitFileType = wrapper.cfbundle; includeInIndex = 0; path = "Genecards-ProTests.xctest"; sourceTree = BUILT_PRODUCTS_DIR; };
		F331EA4922AD4DBA0033B0D2 /* Genecards_ProTests.m */ = {isa = PBXFileReference; lastKnownFileType = sourcecode.c.objc; path = Genecards_ProTests.m; sourceTree = "<group>"; };
		F331EA4B22AD4DBA0033B0D2 /* Info.plist */ = {isa = PBXFileReference; lastKnownFileType = text.plist.xml; path = Info.plist; sourceTree = "<group>"; };
		F331EA5022AD4DBA0033B0D2 /* Genecards-ProUITests.xctest */ = {isa = PBXFileReference; explicitFileType = wrapper.cfbundle; includeInIndex = 0; path = "Genecards-ProUITests.xctest"; sourceTree = BUILT_PRODUCTS_DIR; };
		F331EA5422AD4DBA0033B0D2 /* Genecards_ProUITests.m */ = {isa = PBXFileReference; lastKnownFileType = sourcecode.c.objc; path = Genecards_ProUITests.m; sourceTree = "<group>"; };
		F331EA5622AD4DBA0033B0D2 /* Info.plist */ = {isa = PBXFileReference; lastKnownFileType = text.plist.xml; path = Info.plist; sourceTree = "<group>"; };
/* End PBXFileReference section */

/* Begin PBXFrameworksBuildPhase section */
		F331EA2722AD4DB90033B0D2 /* Frameworks */ = {
			isa = PBXFrameworksBuildPhase;
			buildActionMask = 2147483647;
			files = (
				AA243431397C9888DF1BF48A /* libPods-Genecards-Pro.a in Frameworks */,
			);
			runOnlyForDeploymentPostprocessing = 0;
		};
		F331EA4222AD4DBA0033B0D2 /* Frameworks */ = {
			isa = PBXFrameworksBuildPhase;
			buildActionMask = 2147483647;
			files = (
			);
			runOnlyForDeploymentPostprocessing = 0;
		};
		F331EA4D22AD4DBA0033B0D2 /* Frameworks */ = {
			isa = PBXFrameworksBuildPhase;
			buildActionMask = 2147483647;
			files = (
			);
			runOnlyForDeploymentPostprocessing = 0;
		};
/* End PBXFrameworksBuildPhase section */

/* Begin PBXGroup section */
		9C7398F3FE4C42AB54071EC8 /* Pods */ = {
			isa = PBXGroup;
			children = (
				2461E325ACBFA6511146EC51 /* Pods-Genecards-Pro.debug.xcconfig */,
				D12E10BC6C6CEFEB81B2DE79 /* Pods-Genecards-Pro.release.xcconfig */,
			);
			name = Pods;
			sourceTree = "<group>";
		};
		AE581DF84FF66E5A4830E498 /* Frameworks */ = {
			isa = PBXGroup;
			children = (
				D3CECAB7E18076E2A6AB207D /* libPods-Genecards-Pro.a */,
			);
			name = Frameworks;
			sourceTree = "<group>";
		};
		F331EA2122AD4DB90033B0D2 = {
			isa = PBXGroup;
			children = (
				F331EA2C22AD4DB90033B0D2 /* Genecards-Pro */,
				F331EA4822AD4DBA0033B0D2 /* Genecards-ProTests */,
				F331EA5322AD4DBA0033B0D2 /* Genecards-ProUITests */,
				F331EA2B22AD4DB90033B0D2 /* Products */,
				9C7398F3FE4C42AB54071EC8 /* Pods */,
				AE581DF84FF66E5A4830E498 /* Frameworks */,
			);
			sourceTree = "<group>";
		};
		F331EA2B22AD4DB90033B0D2 /* Products */ = {
			isa = PBXGroup;
			children = (
				F331EA2A22AD4DB90033B0D2 /* Genecards-Pro.app */,
				F331EA4522AD4DBA0033B0D2 /* Genecards-ProTests.xctest */,
				F331EA5022AD4DBA0033B0D2 /* Genecards-ProUITests.xctest */,
			);
			name = Products;
			sourceTree = "<group>";
		};
		F331EA2C22AD4DB90033B0D2 /* Genecards-Pro */ = {
			isa = PBXGroup;
			children = (
				F331EA2D22AD4DB90033B0D2 /* AppDelegate.h */,
				F331EA2E22AD4DB90033B0D2 /* AppDelegate.m */,
				F331EA3022AD4DB90033B0D2 /* ViewController.h */,
				F331EA3122AD4DB90033B0D2 /* ViewController.m */,
				F331EA3322AD4DB90033B0D2 /* Main.storyboard */,
				F331EA3922AD4DBA0033B0D2 /* Assets.xcassets */,
				F331EA3B22AD4DBA0033B0D2 /* LaunchScreen.storyboard */,
				F331EA3E22AD4DBA0033B0D2 /* Info.plist */,
				F331EA3F22AD4DBA0033B0D2 /* main.m */,
				F331EA3622AD4DB90033B0D2 /* Genecards_Pro.xcdatamodeld */,
			);
			path = "Genecards-Pro";
			sourceTree = "<group>";
		};
		F331EA4822AD4DBA0033B0D2 /* Genecards-ProTests */ = {
			isa = PBXGroup;
			children = (
				F331EA4922AD4DBA0033B0D2 /* Genecards_ProTests.m */,
				F331EA4B22AD4DBA0033B0D2 /* Info.plist */,
			);
			path = "Genecards-ProTests";
			sourceTree = "<group>";
		};
		F331EA5322AD4DBA0033B0D2 /* Genecards-ProUITests */ = {
			isa = PBXGroup;
			children = (
				F331EA5422AD4DBA0033B0D2 /* Genecards_ProUITests.m */,
				F331EA5622AD4DBA0033B0D2 /* Info.plist */,
			);
			path = "Genecards-ProUITests";
			sourceTree = "<group>";
		};
/* End PBXGroup section */

/* Begin PBXNativeTarget section */
		F331EA2922AD4DB90033B0D2 /* Genecards-Pro */ = {
			isa = PBXNativeTarget;
			buildConfigurationList = F331EA5922AD4DBA0033B0D2 /* Build configuration list for PBXNativeTarget "Genecards-Pro" */;
			buildPhases = (
				32F63C91E5286AA00359B0CE /* [CP] Check Pods Manifest.lock */,
				F331EA2622AD4DB90033B0D2 /* Sources */,
				F331EA2722AD4DB90033B0D2 /* Frameworks */,
				F331EA2822AD4DB90033B0D2 /* Resources */,
			);
			buildRules = (
			);
			dependencies = (
			);
			name = "Genecards-Pro";
			productName = "Genecards-Pro";
			productReference = F331EA2A22AD4DB90033B0D2 /* Genecards-Pro.app */;
			productType = "com.apple.product-type.application";
		};
		F331EA4422AD4DBA0033B0D2 /* Genecards-ProTests */ = {
			isa = PBXNativeTarget;
			buildConfigurationList = F331EA5C22AD4DBA0033B0D2 /* Build configuration list for PBXNativeTarget "Genecards-ProTests" */;
			buildPhases = (
				F331EA4122AD4DBA0033B0D2 /* Sources */,
				F331EA4222AD4DBA0033B0D2 /* Frameworks */,
				F331EA4322AD4DBA0033B0D2 /* Resources */,
			);
			buildRules = (
			);
			dependencies = (
				F331EA4722AD4DBA0033B0D2 /* PBXTargetDependency */,
			);
			name = "Genecards-ProTests";
			productName = "Genecards-ProTests";
			productReference = F331EA4522AD4DBA0033B0D2 /* Genecards-ProTests.xctest */;
			productType = "com.apple.product-type.bundle.unit-test";
		};
		F331EA4F22AD4DBA0033B0D2 /* Genecards-ProUITests */ = {
			isa = PBXNativeTarget;
			buildConfigurationList = F331EA5F22AD4DBA0033B0D2 /* Build configuration list for PBXNativeTarget "Genecards-ProUITests" */;
			buildPhases = (
				F331EA4C22AD4DBA0033B0D2 /* Sources */,
				F331EA4D22AD4DBA0033B0D2 /* Frameworks */,
				F331EA4E22AD4DBA0033B0D2 /* Resources */,
			);
			buildRules = (
			);
			dependencies = (
				F331EA5222AD4DBA0033B0D2 /* PBXTargetDependency */,
			);
			name = "Genecards-ProUITests";
			productName = "Genecards-ProUITests";
			productReference = F331EA5022AD4DBA0033B0D2 /* Genecards-ProUITests.xctest */;
			productType = "com.apple.product-type.bundle.ui-testing";
		};
/* End PBXNativeTarget section */

/* Begin PBXProject section */
		F331EA2222AD4DB90033B0D2 /* Project object */ = {
			isa = PBXProject;
			attributes = {
				LastUpgradeCheck = 1010;
				ORGANIZATIONNAME = dengwt;
				TargetAttributes = {
					F331EA2922AD4DB90033B0D2 = {
						CreatedOnToolsVersion = 10.1;
					};
					F331EA4422AD4DBA0033B0D2 = {
						CreatedOnToolsVersion = 10.1;
						TestTargetID = F331EA2922AD4DB90033B0D2;
					};
					F331EA4F22AD4DBA0033B0D2 = {
						CreatedOnToolsVersion = 10.1;
						TestTargetID = F331EA2922AD4DB90033B0D2;
					};
				};
			};
			buildConfigurationList = F331EA2522AD4DB90033B0D2 /* Build configuration list for PBXProject "Genecards-Pro" */;
			compatibilityVersion = "Xcode 9.3";
			developmentRegion = en;
			hasScannedForEncodings = 0;
			knownRegions = (
				en,
				Base,
			);
			mainGroup = F331EA2122AD4DB90033B0D2;
			productRefGroup = F331EA2B22AD4DB90033B0D2 /* Products */;
			projectDirPath = "";
			projectRoot = "";
			targets = (
				F331EA2922AD4DB90033B0D2 /* Genecards-Pro */,
				F331EA4422AD4DBA0033B0D2 /* Genecards-ProTests */,
				F331EA4F22AD4DBA0033B0D2 /* Genecards-ProUITests */,
			);
		};
/* End PBXProject section */

/* Begin PBXResourcesBuildPhase section */
		F331EA2822AD4DB90033B0D2 /* Resources */ = {
			isa = PBXResourcesBuildPhase;
			buildActionMask = 2147483647;
			files = (
				F331EA3D22AD4DBA0033B0D2 /* LaunchScreen.storyboard in Resources */,
				F331EA3A22AD4DBA0033B0D2 /* Assets.xcassets in Resources */,
				F331EA3522AD4DB90033B0D2 /* Main.storyboard in Resources */,
			);
			runOnlyForDeploymentPostprocessing = 0;
		};
		F331EA4322AD4DBA0033B0D2 /* Resources */ = {
			isa = PBXResourcesBuildPhase;
			buildActionMask = 2147483647;
			files = (
			);
			runOnlyForDeploymentPostprocessing = 0;
		};
		F331EA4E22AD4DBA0033B0D2 /* Resources */ = {
			isa = PBXResourcesBuildPhase;
			buildActionMask = 2147483647;
			files = (
			);
			runOnlyForDeploymentPostprocessing = 0;
		};
/* End PBXResourcesBuildPhase section */

/* Begin PBXShellScriptBuildPhase section */
		32F63C91E5286AA00359B0CE /* [CP] Check Pods Manifest.lock */ = {
			isa = PBXShellScriptBuildPhase;
			buildActionMask = 2147483647;
			files = (
			);
			inputFileListPaths = (
			);
			inputPaths = (
				"${PODS_PODFILE_DIR_PATH}/Podfile.lock",
				"${PODS_ROOT}/Manifest.lock",
			);
			name = "[CP] Check Pods Manifest.lock";
			outputFileListPaths = (
			);
			outputPaths = (
				"$(DERIVED_FILE_DIR)/Pods-Genecards-Pro-checkManifestLockResult.txt",
			);
			runOnlyForDeploymentPostprocessing = 0;
			shellPath = /bin/sh;
			shellScript = "diff \"${PODS_PODFILE_DIR_PATH}/Podfile.lock\" \"${PODS_ROOT}/Manifest.lock\" > /dev/null\nif [ $? != 0 ] ; then\n    # print error to STDERR\n    echo \"error: The sandbox is not in sync with the Podfile.lock. Run 'pod install' or update your CocoaPods installation.\" >&2\n    exit 1\nfi\n# This output is used by Xcode 'outputs' to avoid re-running this script phase.\necho \"SUCCESS\" > \"${SCRIPT_OUTPUT_FILE_0}\"\n";
			showEnvVarsInLog = 0;
		};
/* End PBXShellScriptBuildPhase section */

/* Begin PBXSourcesBuildPhase section */
		F331EA2622AD4DB90033B0D2 /* Sources */ = {
			isa = PBXSourcesBuildPhase;
			buildActionMask = 2147483647;
			files = (
				F331EA3822AD4DB90033B0D2 /* Genecards_Pro.xcdatamodeld in Sources */,
				F331EA3222AD4DB90033B0D2 /* ViewController.m in Sources */,
				F331EA4022AD4DBA0033B0D2 /* main.m in Sources */,
				F331EA2F22AD4DB90033B0D2 /* AppDelegate.m in Sources */,
			);
			runOnlyForDeploymentPostprocessing = 0;
		};
		F331EA4122AD4DBA0033B0D2 /* Sources */ = {
			isa = PBXSourcesBuildPhase;
			buildActionMask = 2147483647;
			files = (
				F331EA4A22AD4DBA0033B0D2 /* Genecards_ProTests.m in Sources */,
			);
			runOnlyForDeploymentPostprocessing = 0;
		};
		F331EA4C22AD4DBA0033B0D2 /* Sources */ = {
			isa = PBXSourcesBuildPhase;
			buildActionMask = 2147483647;
			files = (
				F331EA5522AD4DBA0033B0D2 /* Genecards_ProUITests.m in Sources */,
			);
			runOnlyForDeploymentPostprocessing = 0;
		};
/* End PBXSourcesBuildPhase section */

/* Begin PBXTargetDependency section */
		F331EA4722AD4DBA0033B0D2 /* PBXTargetDependency */ = {
			isa = PBXTargetDependency;
			target = F331EA2922AD4DB90033B0D2 /* Genecards-Pro */;
			targetProxy = F331EA4622AD4DBA0033B0D2 /* PBXContainerItemProxy */;
		};
		F331EA5222AD4DBA0033B0D2 /* PBXTargetDependency */ = {
			isa = PBXTargetDependency;
			target = F331EA2922AD4DB90033B0D2 /* Genecards-Pro */;
			targetProxy = F331EA5122AD4DBA0033B0D2 /* PBXContainerItemProxy */;
		};
/* End PBXTargetDependency section */

/* Begin PBXVariantGroup section */
		F331EA3322AD4DB90033B0D2 /* Main.storyboard */ = {
			isa = PBXVariantGroup;
			children = (
				F331EA3422AD4DB90033B0D2 /* Base */,
			);
			name = Main.storyboard;
			sourceTree = "<group>";
		};
		F331EA3B22AD4DBA0033B0D2 /* LaunchScreen.storyboard */ = {
			isa = PBXVariantGroup;
			children = (
				F331EA3C22AD4DBA0033B0D2 /* Base */,
			);
			name = LaunchScreen.storyboard;
			sourceTree = "<group>";
		};
/* End PBXVariantGroup section */

/* Begin XCBuildConfiguration section */
		F331EA5722AD4DBA0033B0D2 /* Debug */ = {
			isa = XCBuildConfiguration;
			buildSettings = {
				ALWAYS_SEARCH_USER_PATHS = NO;
				CLANG_ANALYZER_NONNULL = YES;
				CLANG_ANALYZER_NUMBER_OBJECT_CONVERSION = YES_AGGRESSIVE;
				CLANG_CXX_LANGUAGE_STANDARD = "gnu++14";
				CLANG_CXX_LIBRARY = "libc++";
				CLANG_ENABLE_MODULES = YES;
				CLANG_ENABLE_OBJC_ARC = YES;
				CLANG_ENABLE_OBJC_WEAK = YES;
				CLANG_WARN_BLOCK_CAPTURE_AUTORELEASING = YES;
				CLANG_WARN_BOOL_CONVERSION = YES;
				CLANG_WARN_COMMA = YES;
				CLANG_WARN_CONSTANT_CONVERSION = YES;
				CLANG_WARN_DEPRECATED_OBJC_IMPLEMENTATIONS = YES;
				CLANG_WARN_DIRECT_OBJC_ISA_USAGE = YES_ERROR;
				CLANG_WARN_DOCUMENTATION_COMMENTS = YES;
				CLANG_WARN_EMPTY_BODY = YES;
				CLANG_WARN_ENUM_CONVERSION = YES;
				CLANG_WARN_INFINITE_RECURSION = YES;
				CLANG_WARN_INT_CONVERSION = YES;
				CLANG_WARN_NON_LITERAL_NULL_CONVERSION = YES;
				CLANG_WARN_OBJC_IMPLICIT_RETAIN_SELF = YES;
				CLANG_WARN_OBJC_LITERAL_CONVERSION = YES;
				CLANG_WARN_OBJC_ROOT_CLASS = YES_ERROR;
				CLANG_WARN_RANGE_LOOP_ANALYSIS = YES;
				CLANG_WARN_STRICT_PROTOTYPES = YES;
				CLANG_WARN_SUSPICIOUS_MOVE = YES;
				CLANG_WARN_UNGUARDED_AVAILABILITY = YES_AGGRESSIVE;
				CLANG_WARN_UNREACHABLE_CODE = YES;
				CLANG_WARN__DUPLICATE_METHOD_MATCH = YES;
				CODE_SIGN_IDENTITY = "iPhone Developer";
				COPY_PHASE_STRIP = NO;
				DEBUG_INFORMATION_FORMAT = dwarf;
				ENABLE_STRICT_OBJC_MSGSEND = YES;
				ENABLE_TESTABILITY = YES;
				GCC_C_LANGUAGE_STANDARD = gnu11;
				GCC_DYNAMIC_NO_PIC = NO;
				GCC_NO_COMMON_BLOCKS = YES;
				GCC_OPTIMIZATION_LEVEL = 0;
				GCC_PREPROCESSOR_DEFINITIONS = (
					"DEBUG=1",
					"$(inherited)",
				);
				GCC_WARN_64_TO_32_BIT_CONVERSION = YES;
				GCC_WARN_ABOUT_RETURN_TYPE = YES_ERROR;
				GCC_WARN_UNDECLARED_SELECTOR = YES;
				GCC_WARN_UNINITIALIZED_AUTOS = YES_AGGRESSIVE;
				GCC_WARN_UNUSED_FUNCTION = YES;
				GCC_WARN_UNUSED_VARIABLE = YES;
				IPHONEOS_DEPLOYMENT_TARGET = 12.1;
				MTL_ENABLE_DEBUG_INFO = INCLUDE_SOURCE;
				MTL_FAST_MATH = YES;
				ONLY_ACTIVE_ARCH = YES;
				SDKROOT = iphoneos;
			};
			name = Debug;
		};
		F331EA5822AD4DBA0033B0D2 /* Release */ = {
			isa = XCBuildConfiguration;
			buildSettings = {
				ALWAYS_SEARCH_USER_PATHS = NO;
				CLANG_ANALYZER_NONNULL = YES;
				CLANG_ANALYZER_NUMBER_OBJECT_CONVERSION = YES_AGGRESSIVE;
				CLANG_CXX_LANGUAGE_STANDARD = "gnu++14";
				CLANG_CXX_LIBRARY = "libc++";
				CLANG_ENABLE_MODULES = YES;
				CLANG_ENABLE_OBJC_ARC = YES;
				CLANG_ENABLE_OBJC_WEAK = YES;
				CLANG_WARN_BLOCK_CAPTURE_AUTORELEASING = YES;
				CLANG_WARN_BOOL_CONVERSION = YES;
				CLANG_WARN_COMMA = YES;
				CLANG_WARN_CONSTANT_CONVERSION = YES;
				CLANG_WARN_DEPRECATED_OBJC_IMPLEMENTATIONS = YES;
				CLANG_WARN_DIRECT_OBJC_ISA_USAGE = YES_ERROR;
				CLANG_WARN_DOCUMENTATION_COMMENTS = YES;
				CLANG_WARN_EMPTY_BODY = YES;
				CLANG_WARN_ENUM_CONVERSION = YES;
				CLANG_WARN_INFINITE_RECURSION = YES;
				CLANG_WARN_INT_CONVERSION = YES;
				CLANG_WARN_NON_LITERAL_NULL_CONVERSION = YES;
				CLANG_WARN_OBJC_IMPLICIT_RETAIN_SELF = YES;
				CLANG_WARN_OBJC_LITERAL_CONVERSION = YES;
				CLANG_WARN_OBJC_ROOT_CLASS = YES_ERROR;
				CLANG_WARN_RANGE_LOOP_ANALYSIS = YES;
				CLANG_WARN_STRICT_PROTOTYPES = YES;
				CLANG_WARN_SUSPICIOUS_MOVE = YES;
				CLANG_WARN_UNGUARDED_AVAILABILITY = YES_AGGRESSIVE;
				CLANG_WARN_UNREACHABLE_CODE = YES;
				CLANG_WARN__DUPLICATE_METHOD_MATCH = YES;
				CODE_SIGN_IDENTITY = "iPhone Developer";
				COPY_PHASE_STRIP = NO;
				DEBUG_INFORMATION_FORMAT = "dwarf-with-dsym";
				ENABLE_NS_ASSERTIONS = NO;
				ENABLE_STRICT_OBJC_MSGSEND = YES;
				GCC_C_LANGUAGE_STANDARD = gnu11;
				GCC_NO_COMMON_BLOCKS = YES;
				GCC_WARN_64_TO_32_BIT_CONVERSION = YES;
				GCC_WARN_ABOUT_RETURN_TYPE = YES_ERROR;
				GCC_WARN_UNDECLARED_SELECTOR = YES;
				GCC_WARN_UNINITIALIZED_AUTOS = YES_AGGRESSIVE;
				GCC_WARN_UNUSED_FUNCTION = YES;
				GCC_WARN_UNUSED_VARIABLE = YES;
				IPHONEOS_DEPLOYMENT_TARGET = 12.1;
				MTL_ENABLE_DEBUG_INFO = NO;
				MTL_FAST_MATH = YES;
				SDKROOT = iphoneos;
				VALIDATE_PRODUCT = YES;
			};
			name = Release;
		};
		F331EA5A22AD4DBA0033B0D2 /* Debug */ = {
			isa = XCBuildConfiguration;
			baseConfigurationReference = 2461E325ACBFA6511146EC51 /* Pods-Genecards-Pro.debug.xcconfig */;
			buildSettings = {
				ASSETCATALOG_COMPILER_APPICON_NAME = AppIcon;
				CODE_SIGN_STYLE = Automatic;
				DEVELOPMENT_TEAM = R6853S6CV8;
				INFOPLIST_FILE = "Genecards-Pro/Info.plist";
				IPHONEOS_DEPLOYMENT_TARGET = 10.0;
				LD_RUNPATH_SEARCH_PATHS = (
					"$(inherited)",
					"@executable_path/Frameworks",
				);
				PRODUCT_BUNDLE_IDENTIFIER = "idea.game.sucess.Genecards-Pro";
				PRODUCT_NAME = "$(TARGET_NAME)";
				TARGETED_DEVICE_FAMILY = 1;
			};
			name = Debug;
		};
		F331EA5B22AD4DBA0033B0D2 /* Release */ = {
			isa = XCBuildConfiguration;
			baseConfigurationReference = D12E10BC6C6CEFEB81B2DE79 /* Pods-Genecards-Pro.release.xcconfig */;
			buildSettings = {
				ASSETCATALOG_COMPILER_APPICON_NAME = AppIcon;
				CODE_SIGN_STYLE = Automatic;
				DEVELOPMENT_TEAM = R6853S6CV8;
				INFOPLIST_FILE = "Genecards-Pro/Info.plist";
				IPHONEOS_DEPLOYMENT_TARGET = 10.0;
				LD_RUNPATH_SEARCH_PATHS = (
					"$(inherited)",
					"@executable_path/Frameworks",
				);
				PRODUCT_BUNDLE_IDENTIFIER = "idea.game.sucess.Genecards-Pro";
				PRODUCT_NAME = "$(TARGET_NAME)";
				TARGETED_DEVICE_FAMILY = 1;
			};
			name = Release;
		};
		F331EA5D22AD4DBA0033B0D2 /* Debug */ = {
			isa = XCBuildConfiguration;
			buildSettings = {
				BUNDLE_LOADER = "$(TEST_HOST)";
				CODE_SIGN_STYLE = Automatic;
				DEVELOPMENT_TEAM = R6853S6CV8;
				INFOPLIST_FILE = "Genecards-ProTests/Info.plist";
				LD_RUNPATH_SEARCH_PATHS = (
					"$(inherited)",
					"@executable_path/Frameworks",
					"@loader_path/Frameworks",
				);
				PRODUCT_BUNDLE_IDENTIFIER = "idea.game.sucess.Genecards-ProTests";
				PRODUCT_NAME = "$(TARGET_NAME)";
				TARGETED_DEVICE_FAMILY = "1,2";
				TEST_HOST = "$(BUILT_PRODUCTS_DIR)/Genecards-Pro.app/Genecards-Pro";
			};
			name = Debug;
		};
		F331EA5E22AD4DBA0033B0D2 /* Release */ = {
			isa = XCBuildConfiguration;
			buildSettings = {
				BUNDLE_LOADER = "$(TEST_HOST)";
				CODE_SIGN_STYLE = Automatic;
				DEVELOPMENT_TEAM = R6853S6CV8;
				INFOPLIST_FILE = "Genecards-ProTests/Info.plist";
				LD_RUNPATH_SEARCH_PATHS = (
					"$(inherited)",
					"@executable_path/Frameworks",
					"@loader_path/Frameworks",
				);
				PRODUCT_BUNDLE_IDENTIFIER = "idea.game.sucess.Genecards-ProTests";
				PRODUCT_NAME = "$(TARGET_NAME)";
				TARGETED_DEVICE_FAMILY = "1,2";
				TEST_HOST = "$(BUILT_PRODUCTS_DIR)/Genecards-Pro.app/Genecards-Pro";
			};
			name = Release;
		};
		F331EA6022AD4DBA0033B0D2 /* Debug */ = {
			isa = XCBuildConfiguration;
			buildSettings = {
				CODE_SIGN_STYLE = Automatic;
				DEVELOPMENT_TEAM = R6853S6CV8;
				INFOPLIST_FILE = "Genecards-ProUITests/Info.plist";
				LD_RUNPATH_SEARCH_PATHS = (
					"$(inherited)",
					"@executable_path/Frameworks",
					"@loader_path/Frameworks",
				);
				PRODUCT_BUNDLE_IDENTIFIER = "idea.game.sucess.Genecards-ProUITests";
				PRODUCT_NAME = "$(TARGET_NAME)";
				TARGETED_DEVICE_FAMILY = "1,2";
				TEST_TARGET_NAME = "Genecards-Pro";
			};
			name = Debug;
		};
		F331EA6122AD4DBA0033B0D2 /* Release */ = {
			isa = XCBuildConfiguration;
			buildSettings = {
				CODE_SIGN_STYLE = Automatic;
				DEVELOPMENT_TEAM = R6853S6CV8;
				INFOPLIST_FILE = "Genecards-ProUITests/Info.plist";
				LD_RUNPATH_SEARCH_PATHS = (
					"$(inherited)",
					"@executable_path/Frameworks",
					"@loader_path/Frameworks",
				);
				PRODUCT_BUNDLE_IDENTIFIER = "idea.game.sucess.Genecards-ProUITests";
				PRODUCT_NAME = "$(TARGET_NAME)";
				TARGETED_DEVICE_FAMILY = "1,2";
				TEST_TARGET_NAME = "Genecards-Pro";
			};
			name = Release;
		};
/* End XCBuildConfiguration section */

/* Begin XCConfigurationList section */
		F331EA2522AD4DB90033B0D2 /* Build configuration list for PBXProject "Genecards-Pro" */ = {
			isa = XCConfigurationList;
			buildConfigurations = (
				F331EA5722AD4DBA0033B0D2 /* Debug */,
				F331EA5822AD4DBA0033B0D2 /* Release */,
			);
			defaultConfigurationIsVisible = 0;
			defaultConfigurationName = Release;
		};
		F331EA5922AD4DBA0033B0D2 /* Build configuration list for PBXNativeTarget "Genecards-Pro" */ = {
			isa = XCConfigurationList;
			buildConfigurations = (
				F331EA5A22AD4DBA0033B0D2 /* Debug */,
				F331EA5B22AD4DBA0033B0D2 /* Release */,
			);
			defaultConfigurationIsVisible = 0;
			defaultConfigurationName = Release;
		};
		F331EA5C22AD4DBA0033B0D2 /* Build configuration list for PBXNativeTarget "Genecards-ProTests" */ = {
			isa = XCConfigurationList;
			buildConfigurations = (
				F331EA5D22AD4DBA0033B0D2 /* Debug */,
				F331EA5E22AD4DBA0033B0D2 /* Release */,
			);
			defaultConfigurationIsVisible = 0;
			defaultConfigurationName = Release;
		};
		F331EA5F22AD4DBA0033B0D2 /* Build configuration list for PBXNativeTarget "Genecards-ProUITests" */ = {
			isa = XCConfigurationList;
			buildConfigurations = (
				F331EA6022AD4DBA0033B0D2 /* Debug */,
				F331EA6122AD4DBA0033B0D2 /* Release */,
			);
			defaultConfigurationIsVisible = 0;
			defaultConfigurationName = Release;
		};
/* End XCConfigurationList section */

/* Begin XCVersionGroup section */
		F331EA3622AD4DB90033B0D2 /* Genecards_Pro.xcdatamodeld */ = {
			isa = XCVersionGroup;
			children = (
				F331EA3722AD4DB90033B0D2 /* Genecards_Pro.xcdatamodel */,
			);
			currentVersion = F331EA3722AD4DB90033B0D2 /* Genecards_Pro.xcdatamodel */;
			path = Genecards_Pro.xcdatamodeld;
			sourceTree = "<group>";
			versionGroupType = wrapper.xcdatamodel;
		};
/* End XCVersionGroup section */
	};
	rootObject = F331EA2222AD4DB90033B0D2 /* Project object */;
}
